
Microsoft Visual Studio Solution File, Format Version 12.00
# Visual Studio 15
VisualStudioVersion = 15.0.28307.539
MinimumVisualStudioVersion = 10.0.40219.1
Project("{FAE04EC0-301F-11D3-BF4B-00C04F79EFBC}") = "查询统计", "查询统计\查询统计.csproj", "{1D8F166E-3854-4879-B281-286B7867A773}"
EndProject
Global
	GlobalSection(SolutionConfigurationPlatforms) = preSolution
		Debug|x86 = Debug|x86
		Release|x86 = Release|x86
	EndGlobalSection
	GlobalSection(ProjectConfigurationPlatforms) = postSolution
		{1D8F166E-3854-4879-B281-286B7867A773}.Debug|x86.ActiveCfg = Debug|x86
		{1D8F166E-3854-4879-B281-286B7867A773}.Debug|x86.Build.0 = Debug|x86
		{1D8F166E-3854-4879-B281-286B7867A773}.Release|x86.ActiveCfg = Debug|x86
		{1D8F166E-3854-4879-B281-286B7867A773}.Release|x86.Build.0 = Debug|x86
	EndGlobalSection
	GlobalSection(SolutionProperties) = preSolution
		HideSolutionNode = FALSE
	EndGlobalSection
	GlobalSection(ExtensibilityGlobals) = postSolution
		SolutionGuid = {F9591DF8-C61C-4455-B4E7-250E7EDE32C8}
	EndGlobalSection
EndGlobal
